
Microsoft Visual Studio Solution File, Format Version 12.00
# Visual Studio Version 17
VisualStudioVersion = 17.8.34511.84
MinimumVisualStudioVersion = 10.0.40219.1
Project("{8BC9CEB8-8B4A-11D0-8D11-00A0C91BC942}") = "OpenCVComp", "OpenCVComp\OpenCVComp.vcxproj", "{8B6D6FF1-273A-412A-9E4E-5213608CB20D}"
EndProject
Project("{FAE04EC0-301F-11D3-BF4B-00C04F79EFBC}") = "CustomVideoEffects", "CustomVideoEffects\CustomVideoEffects.csproj", "{13D7AD4A-C3BE-4417-8F77-24556534BBE7}"
EndProject
Project("{FAE04EC0-301F-11D3-BF4B-00C04F79EFBC}") = "CommonLib", "CommonLib\CommonLib.csproj", "{CBF30E60-C159-47C2-95DB-9A882E4CA961}"
EndProject
Project("{FAE04EC0-301F-11D3-BF4B-00C04F79EFBC}") = "CensorVideo", "CensorVideo\CensorVideo.csproj", "{B1B77261-20FA-4D94-9FA4-7416AA50A89D}"
	ProjectSection(ProjectDependencies) = postProject
		{13D7AD4A-C3BE-4417-8F77-24556534BBE7} = {13D7AD4A-C3BE-4417-8F77-24556534BBE7}
		{8B6D6FF1-273A-412A-9E4E-5213608CB20D} = {8B6D6FF1-273A-412A-9E4E-5213608CB20D}
		{CBF30E60-C159-47C2-95DB-9A882E4CA961} = {CBF30E60-C159-47C2-95DB-9A882E4CA961}
	EndProjectSection
EndProject
Global
	GlobalSection(SolutionConfigurationPlatforms) = preSolution
		Debug|Any CPU = Debug|Any CPU
		Debug|ARM = Debug|ARM
		Debug|ARM64 = Debug|ARM64
		Debug|x64 = Debug|x64
		Debug|x86 = Debug|x86
		Release|Any CPU = Release|Any CPU
		Release|ARM = Release|ARM
		Release|ARM64 = Release|ARM64
		Release|x64 = Release|x64
		Release|x86 = Release|x86
	EndGlobalSection
	GlobalSection(ProjectConfigurationPlatforms) = postSolution
		{8B6D6FF1-273A-412A-9E4E-5213608CB20D}.Debug|Any CPU.ActiveCfg = Debug|x64
		{8B6D6FF1-273A-412A-9E4E-5213608CB20D}.Debug|Any CPU.Build.0 = Debug|x64
		{8B6D6FF1-273A-412A-9E4E-5213608CB20D}.Debug|ARM.ActiveCfg = Debug|ARM
		{8B6D6FF1-273A-412A-9E4E-5213608CB20D}.Debug|ARM.Build.0 = Debug|ARM
		{8B6D6FF1-273A-412A-9E4E-5213608CB20D}.Debug|ARM64.ActiveCfg = Debug|ARM64
		{8B6D6FF1-273A-412A-9E4E-5213608CB20D}.Debug|ARM64.Build.0 = Debug|ARM64
		{8B6D6FF1-273A-412A-9E4E-5213608CB20D}.Debug|x64.ActiveCfg = Debug|x64
		{8B6D6FF1-273A-412A-9E4E-5213608CB20D}.Debug|x64.Build.0 = Debug|x64
		{8B6D6FF1-273A-412A-9E4E-5213608CB20D}.Debug|x86.ActiveCfg = Debug|Win32
		{8B6D6FF1-273A-412A-9E4E-5213608CB20D}.Debug|x86.Build.0 = Debug|Win32
		{8B6D6FF1-273A-412A-9E4E-5213608CB20D}.Release|Any CPU.ActiveCfg = Release|x64
		{8B6D6FF1-273A-412A-9E4E-5213608CB20D}.Release|Any CPU.Build.0 = Release|x64
		{8B6D6FF1-273A-412A-9E4E-5213608CB20D}.Release|ARM.ActiveCfg = Release|ARM
		{8B6D6FF1-273A-412A-9E4E-5213608CB20D}.Release|ARM.Build.0 = Release|ARM
		{8B6D6FF1-273A-412A-9E4E-5213608CB20D}.Release|ARM64.ActiveCfg = Release|ARM64
		{8B6D6FF1-273A-412A-9E4E-5213608CB20D}.Release|ARM64.Build.0 = Release|ARM64
		{8B6D6FF1-273A-412A-9E4E-5213608CB20D}.Release|x64.ActiveCfg = Release|x64
		{8B6D6FF1-273A-412A-9E4E-5213608CB20D}.Release|x64.Build.0 = Release|x64
		{8B6D6FF1-273A-412A-9E4E-5213608CB20D}.Release|x86.ActiveCfg = Release|Win32
		{8B6D6FF1-273A-412A-9E4E-5213608CB20D}.Release|x86.Build.0 = Release|Win32
		{13D7AD4A-C3BE-4417-8F77-24556534BBE7}.Debug|Any CPU.ActiveCfg = Debug|Any CPU
		{13D7AD4A-C3BE-4417-8F77-24556534BBE7}.Debug|Any CPU.Build.0 = Debug|Any CPU
		{13D7AD4A-C3BE-4417-8F77-24556534BBE7}.Debug|ARM.ActiveCfg = Debug|ARM
		{13D7AD4A-C3BE-4417-8F77-24556534BBE7}.Debug|ARM.Build.0 = Debug|ARM
		{13D7AD4A-C3BE-4417-8F77-24556534BBE7}.Debug|ARM64.ActiveCfg = Debug|ARM64
		{13D7AD4A-C3BE-4417-8F77-24556534BBE7}.Debug|ARM64.Build.0 = Debug|ARM64
		{13D7AD4A-C3BE-4417-8F77-24556534BBE7}.Debug|x64.ActiveCfg = Debug|x64
		{13D7AD4A-C3BE-4417-8F77-24556534BBE7}.Debug|x64.Build.0 = Debug|x64
		{13D7AD4A-C3BE-4417-8F77-24556534BBE7}.Debug|x86.ActiveCfg = Debug|x86
		{13D7AD4A-C3BE-4417-8F77-24556534BBE7}.Debug|x86.Build.0 = Debug|x86
		{13D7AD4A-C3BE-4417-8F77-24556534BBE7}.Release|Any CPU.ActiveCfg = Release|Any CPU
		{13D7AD4A-C3BE-4417-8F77-24556534BBE7}.Release|Any CPU.Build.0 = Release|Any CPU
		{13D7AD4A-C3BE-4417-8F77-24556534BBE7}.Release|ARM.ActiveCfg = Release|ARM
		{13D7AD4A-C3BE-4417-8F77-24556534BBE7}.Release|ARM.Build.0 = Release|ARM
		{13D7AD4A-C3BE-4417-8F77-24556534BBE7}.Release|ARM64.ActiveCfg = Release|ARM64
		{13D7AD4A-C3BE-4417-8F77-24556534BBE7}.Release|ARM64.Build.0 = Release|ARM64
		{13D7AD4A-C3BE-4417-8F77-24556534BBE7}.Release|x64.ActiveCfg = Release|x64
		{13D7AD4A-C3BE-4417-8F77-24556534BBE7}.Release|x64.Build.0 = Release|x64
		{13D7AD4A-C3BE-4417-8F77-24556534BBE7}.Release|x86.ActiveCfg = Release|x86
		{13D7AD4A-C3BE-4417-8F77-24556534BBE7}.Release|x86.Build.0 = Release|x86
		{CBF30E60-C159-47C2-95DB-9A882E4CA961}.Debug|Any CPU.ActiveCfg = Debug|Any CPU
		{CBF30E60-C159-47C2-95DB-9A882E4CA961}.Debug|Any CPU.Build.0 = Debug|Any CPU
		{CBF30E60-C159-47C2-95DB-9A882E4CA961}.Debug|ARM.ActiveCfg = Debug|ARM
		{CBF30E60-C159-47C2-95DB-9A882E4CA961}.Debug|ARM.Build.0 = Debug|ARM
		{CBF30E60-C159-47C2-95DB-9A882E4CA961}.Debug|ARM64.ActiveCfg = Debug|ARM64
		{CBF30E60-C159-47C2-95DB-9A882E4CA961}.Debug|ARM64.Build.0 = Debug|ARM64
		{CBF30E60-C159-47C2-95DB-9A882E4CA961}.Debug|x64.ActiveCfg = Debug|x64
		{CBF30E60-C159-47C2-95DB-9A882E4CA961}.Debug|x64.Build.0 = Debug|x64
		{CBF30E60-C159-47C2-95DB-9A882E4CA961}.Debug|x86.ActiveCfg = Debug|x86
		{CBF30E60-C159-47C2-95DB-9A882E4CA961}.Debug|x86.Build.0 = Debug|x86
		{CBF30E60-C159-47C2-95DB-9A882E4CA961}.Release|Any CPU.ActiveCfg = Release|Any CPU
		{CBF30E60-C159-47C2-95DB-9A882E4CA961}.Release|Any CPU.Build.0 = Release|Any CPU
		{CBF30E60-C159-47C2-95DB-9A882E4CA961}.Release|ARM.ActiveCfg = Release|ARM
		{CBF30E60-C159-47C2-95DB-9A882E4CA961}.Release|ARM.Build.0 = Release|ARM
		{CBF30E60-C159-47C2-95DB-9A882E4CA961}.Release|ARM64.ActiveCfg = Release|ARM64
		{CBF30E60-C159-47C2-95DB-9A882E4CA961}.Release|ARM64.Build.0 = Release|ARM64
		{CBF30E60-C159-47C2-95DB-9A882E4CA961}.Release|x64.ActiveCfg = Release|x64
		{CBF30E60-C159-47C2-95DB-9A882E4CA961}.Release|x64.Build.0 = Release|x64
		{CBF30E60-C159-47C2-95DB-9A882E4CA961}.Release|x86.ActiveCfg = Release|x86
		{CBF30E60-C159-47C2-95DB-9A882E4CA961}.Release|x86.Build.0 = Release|x86
		{B1B77261-20FA-4D94-9FA4-7416AA50A89D}.Debug|Any CPU.ActiveCfg = Debug|x64
		{B1B77261-20FA-4D94-9FA4-7416AA50A89D}.Debug|Any CPU.Build.0 = Debug|x64
		{B1B77261-20FA-4D94-9FA4-7416AA50A89D}.Debug|Any CPU.Deploy.0 = Debug|x64
		{B1B77261-20FA-4D94-9FA4-7416AA50A89D}.Debug|ARM.ActiveCfg = Debug|ARM
		{B1B77261-20FA-4D94-9FA4-7416AA50A89D}.Debug|ARM.Build.0 = Debug|ARM
		{B1B77261-20FA-4D94-9FA4-7416AA50A89D}.Debug|ARM.Deploy.0 = Debug|ARM
		{B1B77261-20FA-4D94-9FA4-7416AA50A89D}.Debug|ARM64.ActiveCfg = Debug|ARM64
		{B1B77261-20FA-4D94-9FA4-7416AA50A89D}.Debug|ARM64.Build.0 = Debug|ARM64
		{B1B77261-20FA-4D94-9FA4-7416AA50A89D}.Debug|ARM64.Deploy.0 = Debug|ARM64
		{B1B77261-20FA-4D94-9FA4-7416AA50A89D}.Debug|x64.ActiveCfg = Debug|x64
		{B1B77261-20FA-4D94-9FA4-7416AA50A89D}.Debug|x64.Build.0 = Debug|x64
		{B1B77261-20FA-4D94-9FA4-7416AA50A89D}.Debug|x64.Deploy.0 = Debug|x64
		{B1B77261-20FA-4D94-9FA4-7416AA50A89D}.Debug|x86.ActiveCfg = Debug|x86
		{B1B77261-20FA-4D94-9FA4-7416AA50A89D}.Debug|x86.Build.0 = Debug|x86
		{B1B77261-20FA-4D94-9FA4-7416AA50A89D}.Debug|x86.Deploy.0 = Debug|x86
		{B1B77261-20FA-4D94-9FA4-7416AA50A89D}.Release|Any CPU.ActiveCfg = Release|x64
		{B1B77261-20FA-4D94-9FA4-7416AA50A89D}.Release|Any CPU.Build.0 = Release|x64
		{B1B77261-20FA-4D94-9FA4-7416AA50A89D}.Release|Any CPU.Deploy.0 = Release|x64
		{B1B77261-20FA-4D94-9FA4-7416AA50A89D}.Release|ARM.ActiveCfg = Release|ARM
		{B1B77261-20FA-4D94-9FA4-7416AA50A89D}.Release|ARM.Build.0 = Release|ARM
		{B1B77261-20FA-4D94-9FA4-7416AA50A89D}.Release|ARM.Deploy.0 = Release|ARM
		{B1B77261-20FA-4D94-9FA4-7416AA50A89D}.Release|ARM64.ActiveCfg = Release|ARM64
		{B1B77261-20FA-4D94-9FA4-7416AA50A89D}.Release|ARM64.Build.0 = Release|ARM64
		{B1B77261-20FA-4D94-9FA4-7416AA50A89D}.Release|ARM64.Deploy.0 = Release|ARM64
		{B1B77261-20FA-4D94-9FA4-7416AA50A89D}.Release|x64.ActiveCfg = Release|x64
		{B1B77261-20FA-4D94-9FA4-7416AA50A89D}.Release|x64.Build.0 = Release|x64
		{B1B77261-20FA-4D94-9FA4-7416AA50A89D}.Release|x64.Deploy.0 = Release|x64
		{B1B77261-20FA-4D94-9FA4-7416AA50A89D}.Release|x86.ActiveCfg = Release|x86
		{B1B77261-20FA-4D94-9FA4-7416AA50A89D}.Release|x86.Build.0 = Release|x86
		{B1B77261-20FA-4D94-9FA4-7416AA50A89D}.Release|x86.Deploy.0 = Release|x86
	EndGlobalSection
	GlobalSection(SolutionProperties) = preSolution
		HideSolutionNode = FALSE
	EndGlobalSection
	GlobalSection(ExtensibilityGlobals) = postSolution
		SolutionGuid = {E1462845-B153-4D16-B9B0-A8904792AE05}
	EndGlobalSection
EndGlobal
